
Microsoft Visual Studio Solution File, Format Version 12.00
# Visual Studio Version 17
VisualStudioVersion = 17.14.37012.4
MinimumVisualStudioVersion = 10.0.40219.1
Project("{FAE04EC0-301F-11D3-BF4B-00C04F79EFBC}") = "Weather", "weather\Weather.csproj", "{9B35E28C-56D2-4061-8265-E1B0710DD1CC}"
EndProject
Project("{FAE04EC0-301F-11D3-BF4B-00C04F79EFBC}") = "Weather.Business", "weather.business\Weather.Business.csproj", "{0C833722-0433-4248-BBF1-70087061BA3C}"
EndProject
Project("{FAE04EC0-301F-11D3-BF4B-00C04F79EFBC}") = "Weather.Business.Abstractions", "weather.business.Abstractions\Weather.Business.Abstractions.csproj", "{5C61DAAA-B021-4742-B4F5-350DF948382C}"
EndProject
Project("{FAE04EC0-301F-11D3-BF4B-00C04F79EFBC}") = "Weather.DataAccess", "weather.dataAccess\Weather.DataAccess.csproj", "{DAF5465F-E371-48DB-A739-E5FF9B5E3220}"
EndProject
Project("{FAE04EC0-301F-11D3-BF4B-00C04F79EFBC}") = "Weather.DataAccess.Abstractions", "weather.dataAccess.abstractions\Weather.DataAccess.Abstractions.csproj", "{FD8A9EBE-EE39-491B-BC16-75F2B2649CA2}"
EndProject
Project("{2150E333-8FDC-42A3-9474-1A3956D46DE8}") = "infrastructure", "infrastructure", "{02EA681E-C7D8-13C7-8484-4AC65E1B71E8}"
EndProject
Project("{FAE04EC0-301F-11D3-BF4B-00C04F79EFBC}") = "Weather.Infrastructure.DependencyInjection", "Weather.Infrastructure.DependencyInjection\Weather.Infrastructure.DependencyInjection.csproj", "{D2B10C71-2996-4163-B0DB-ECFEC2EAB2EA}"
EndProject
Project("{FAE04EC0-301F-11D3-BF4B-00C04F79EFBC}") = "Weather.Infrastructure.AspNetCore", "Weather.Infrastructure.AspNetCore\Weather.Infrastructure.AspNetCore.csproj", "{E7E63D4E-0769-4028-BF0D-4E3BF117057C}"
EndProject
Project("{FAE04EC0-301F-11D3-BF4B-00C04F79EFBC}") = "Weather.Weatherapi.Clients", "Weather.Weatherapi.Clients\Weather.Weatherapi.Clients.csproj", "{F60C2BAD-1802-4A28-9E3C-E0936857EDAA}"
EndProject
Project("{FAE04EC0-301F-11D3-BF4B-00C04F79EFBC}") = "Weather.Weatherapi.Clients.Abstractoins", "Weather.Weatherapi.Clients.Abstractoins\Weather.Weatherapi.Clients.Abstractoins.csproj", "{2BE5F29D-4FB2-452E-B103-79DC4998C441}"
EndProject
Project("{2150E333-8FDC-42A3-9474-1A3956D46DE8}") = "clients", "clients", "{B8A8DB2B-C213-4249-B7D8-C3114F106852}"
EndProject
Global
	GlobalSection(SolutionConfigurationPlatforms) = preSolution
		Debug|Any CPU = Debug|Any CPU
		Release|Any CPU = Release|Any CPU
	EndGlobalSection
	GlobalSection(ProjectConfigurationPlatforms) = postSolution
		{9B35E28C-56D2-4061-8265-E1B0710DD1CC}.Debug|Any CPU.ActiveCfg = Debug|Any CPU
		{9B35E28C-56D2-4061-8265-E1B0710DD1CC}.Debug|Any CPU.Build.0 = Debug|Any CPU
		{9B35E28C-56D2-4061-8265-E1B0710DD1CC}.Release|Any CPU.ActiveCfg = Release|Any CPU
		{9B35E28C-56D2-4061-8265-E1B0710DD1CC}.Release|Any CPU.Build.0 = Release|Any CPU
		{0C833722-0433-4248-BBF1-70087061BA3C}.Debug|Any CPU.ActiveCfg = Debug|Any CPU
		{0C833722-0433-4248-BBF1-70087061BA3C}.Debug|Any CPU.Build.0 = Debug|Any CPU
		{0C833722-0433-4248-BBF1-70087061BA3C}.Release|Any CPU.ActiveCfg = Release|Any CPU
		{0C833722-0433-4248-BBF1-70087061BA3C}.Release|Any CPU.Build.0 = Release|Any CPU
		{5C61DAAA-B021-4742-B4F5-350DF948382C}.Debug|Any CPU.ActiveCfg = Debug|Any CPU
		{5C61DAAA-B021-4742-B4F5-350DF948382C}.Debug|Any CPU.Build.0 = Debug|Any CPU
		{5C61DAAA-B021-4742-B4F5-350DF948382C}.Release|Any CPU.ActiveCfg = Release|Any CPU
		{5C61DAAA-B021-4742-B4F5-350DF948382C}.Release|Any CPU.Build.0 = Release|Any CPU
		{DAF5465F-E371-48DB-A739-E5FF9B5E3220}.Debug|Any CPU.ActiveCfg = Debug|Any CPU
		{DAF5465F-E371-48DB-A739-E5FF9B5E3220}.Debug|Any CPU.Build.0 = Debug|Any CPU
		{DAF5465F-E371-48DB-A739-E5FF9B5E3220}.Release|Any CPU.ActiveCfg = Release|Any CPU
		{DAF5465F-E371-48DB-A739-E5FF9B5E3220}.Release|Any CPU.Build.0 = Release|Any CPU
		{FD8A9EBE-EE39-491B-BC16-75F2B2649CA2}.Debug|Any CPU.ActiveCfg = Debug|Any CPU
		{FD8A9EBE-EE39-491B-BC16-75F2B2649CA2}.Debug|Any CPU.Build.0 = Debug|Any CPU
		{FD8A9EBE-EE39-491B-BC16-75F2B2649CA2}.Release|Any CPU.ActiveCfg = Release|Any CPU
		{FD8A9EBE-EE39-491B-BC16-75F2B2649CA2}.Release|Any CPU.Build.0 = Release|Any CPU
		{D2B10C71-2996-4163-B0DB-ECFEC2EAB2EA}.Debug|Any CPU.ActiveCfg = Debug|Any CPU
		{D2B10C71-2996-4163-B0DB-ECFEC2EAB2EA}.Debug|Any CPU.Build.0 = Debug|Any CPU
		{D2B10C71-2996-4163-B0DB-ECFEC2EAB2EA}.Release|Any CPU.ActiveCfg = Release|Any CPU
		{D2B10C71-2996-4163-B0DB-ECFEC2EAB2EA}.Release|Any CPU.Build.0 = Release|Any CPU
		{E7E63D4E-0769-4028-BF0D-4E3BF117057C}.Debug|Any CPU.ActiveCfg = Debug|Any CPU
		{E7E63D4E-0769-4028-BF0D-4E3BF117057C}.Debug|Any CPU.Build.0 = Debug|Any CPU
		{E7E63D4E-0769-4028-BF0D-4E3BF117057C}.Release|Any CPU.ActiveCfg = Release|Any CPU
		{E7E63D4E-0769-4028-BF0D-4E3BF117057C}.Release|Any CPU.Build.0 = Release|Any CPU
		{F60C2BAD-1802-4A28-9E3C-E0936857EDAA}.Debug|Any CPU.ActiveCfg = Debug|Any CPU
		{F60C2BAD-1802-4A28-9E3C-E0936857EDAA}.Debug|Any CPU.Build.0 = Debug|Any CPU
		{F60C2BAD-1802-4A28-9E3C-E0936857EDAA}.Release|Any CPU.ActiveCfg = Release|Any CPU
		{F60C2BAD-1802-4A28-9E3C-E0936857EDAA}.Release|Any CPU.Build.0 = Release|Any CPU
		{2BE5F29D-4FB2-452E-B103-79DC4998C441}.Debug|Any CPU.ActiveCfg = Debug|Any CPU
		{2BE5F29D-4FB2-452E-B103-79DC4998C441}.Debug|Any CPU.Build.0 = Debug|Any CPU
		{2BE5F29D-4FB2-452E-B103-79DC4998C441}.Release|Any CPU.ActiveCfg = Release|Any CPU
		{2BE5F29D-4FB2-452E-B103-79DC4998C441}.Release|Any CPU.Build.0 = Release|Any CPU
	EndGlobalSection
	GlobalSection(SolutionProperties) = preSolution
		HideSolutionNode = FALSE
	EndGlobalSection
	GlobalSection(NestedProjects) = preSolution
		{D2B10C71-2996-4163-B0DB-ECFEC2EAB2EA} = {02EA681E-C7D8-13C7-8484-4AC65E1B71E8}
		{E7E63D4E-0769-4028-BF0D-4E3BF117057C} = {02EA681E-C7D8-13C7-8484-4AC65E1B71E8}
		{F60C2BAD-1802-4A28-9E3C-E0936857EDAA} = {B8A8DB2B-C213-4249-B7D8-C3114F106852}
		{2BE5F29D-4FB2-452E-B103-79DC4998C441} = {B8A8DB2B-C213-4249-B7D8-C3114F106852}
	EndGlobalSection
	GlobalSection(ExtensibilityGlobals) = postSolution
		SolutionGuid = {ED08FAAD-DBD4-4D64-A675-A95BACAB4C46}
	EndGlobalSection
EndGlobal
